
Microsoft Visual Studio Solution File, Format Version 12.00
# Visual Studio Version 16
VisualStudioVersion = 16.0.32510.428
MinimumVisualStudioVersion = 10.0.40219.1
Project("{FAE04EC0-301F-11D3-BF4B-00C04F79EFBC}") = "Cs_hw4_money", "Cs_hw4_money\Cs_hw4_money.csproj", "{A2AA5C03-B8B9-470E-9E2C-BC2DE321D1BE}"
EndProject
Global
	GlobalSection(SolutionConfigurationPlatforms) = preSolution
		Debug|Any CPU = Debug|Any CPU
		Release|Any CPU = Release|Any CPU
	EndGlobalSection
	GlobalSection(ProjectConfigurationPlatforms) = postSolution
		{A2AA5C03-B8B9-470E-9E2C-BC2DE321D1BE}.Debug|Any CPU.ActiveCfg = Debug|Any CPU
		{A2AA5C03-B8B9-470E-9E2C-BC2DE321D1BE}.Debug|Any CPU.Build.0 = Debug|Any CPU
		{A2AA5C03-B8B9-470E-9E2C-BC2DE321D1BE}.Release|Any CPU.ActiveCfg = Release|Any CPU
		{A2AA5C03-B8B9-470E-9E2C-BC2DE321D1BE}.Release|Any CPU.Build.0 = Release|Any CPU
	EndGlobalSection
	GlobalSection(SolutionProperties) = preSolution
		HideSolutionNode = FALSE
	EndGlobalSection
	GlobalSection(ExtensibilityGlobals) = postSolution
		SolutionGuid = {EA268423-851B-4755-9719-AD54D8B05FC0}
	EndGlobalSection
EndGlobal
